
Microsoft Visual Studio Solution File, Format Version 12.00
# Visual Studio Version 17
VisualStudioVersion = 17.13.35931.197
MinimumVisualStudioVersion = 10.0.40219.1
Project("{FAE04EC0-301F-11D3-BF4B-00C04F79EFBC}") = "CanvasCalendar", "CanvasCalendar\CanvasCalendar.csproj", "{D66FB075-9316-46D2-A786-8E25B4AFB5D6}"
EndProject
Project("{FAE04EC0-301F-11D3-BF4B-00C04F79EFBC}") = "CanvasCalendar.Tests", "CanvasCalendar.Tests\CanvasCalendar.Tests.csproj", "{A1B2C3D4-E5F6-7890-ABCD-EF1234567890}"
EndProject
Global
	GlobalSection(SolutionConfigurationPlatforms) = preSolution
		Debug|Any CPU = Debug|Any CPU
		Debug|x64 = Debug|x64
		Debug|x86 = Debug|x86
		Release|Any CPU = Release|Any CPU
		Release|x64 = Release|x64
		Release|x86 = Release|x86
	EndGlobalSection
	GlobalSection(ProjectConfigurationPlatforms) = postSolution
		{D66FB075-9316-46D2-A786-8E25B4AFB5D6}.Debug|Any CPU.ActiveCfg = Debug|Any CPU
		{D66FB075-9316-46D2-A786-8E25B4AFB5D6}.Debug|Any CPU.Build.0 = Debug|Any CPU
		{D66FB075-9316-46D2-A786-8E25B4AFB5D6}.Debug|x64.ActiveCfg = Debug|Any CPU
		{D66FB075-9316-46D2-A786-8E25B4AFB5D6}.Debug|x64.Build.0 = Debug|Any CPU
		{D66FB075-9316-46D2-A786-8E25B4AFB5D6}.Debug|x86.ActiveCfg = Debug|Any CPU
		{D66FB075-9316-46D2-A786-8E25B4AFB5D6}.Debug|x86.Build.0 = Debug|Any CPU
		{D66FB075-9316-46D2-A786-8E25B4AFB5D6}.Release|Any CPU.ActiveCfg = Release|Any CPU
		{D66FB075-9316-46D2-A786-8E25B4AFB5D6}.Release|Any CPU.Build.0 = Release|Any CPU
		{D66FB075-9316-46D2-A786-8E25B4AFB5D6}.Release|x64.ActiveCfg = Release|Any CPU
		{D66FB075-9316-46D2-A786-8E25B4AFB5D6}.Release|x64.Build.0 = Release|Any CPU
		{D66FB075-9316-46D2-A786-8E25B4AFB5D6}.Release|x86.ActiveCfg = Release|Any CPU
		{D66FB075-9316-46D2-A786-8E25B4AFB5D6}.Release|x86.Build.0 = Release|Any CPU
		{A1B2C3D4-E5F6-7890-ABCD-EF1234567890}.Debug|Any CPU.ActiveCfg = Debug|Any CPU
		{A1B2C3D4-E5F6-7890-ABCD-EF1234567890}.Debug|Any CPU.Build.0 = Debug|Any CPU
		{A1B2C3D4-E5F6-7890-ABCD-EF1234567890}.Debug|x64.ActiveCfg = Debug|Any CPU
		{A1B2C3D4-E5F6-7890-ABCD-EF1234567890}.Debug|x64.Build.0 = Debug|Any CPU
		{A1B2C3D4-E5F6-7890-ABCD-EF1234567890}.Debug|x86.ActiveCfg = Debug|Any CPU
		{A1B2C3D4-E5F6-7890-ABCD-EF1234567890}.Debug|x86.Build.0 = Debug|Any CPU
		{A1B2C3D4-E5F6-7890-ABCD-EF1234567890}.Release|Any CPU.ActiveCfg = Release|Any CPU
		{A1B2C3D4-E5F6-7890-ABCD-EF1234567890}.Release|Any CPU.Build.0 = Release|Any CPU
		{A1B2C3D4-E5F6-7890-ABCD-EF1234567890}.Release|x64.ActiveCfg = Release|Any CPU
		{A1B2C3D4-E5F6-7890-ABCD-EF1234567890}.Release|x64.Build.0 = Release|Any CPU
		{A1B2C3D4-E5F6-7890-ABCD-EF1234567890}.Release|x86.ActiveCfg = Release|Any CPU
		{A1B2C3D4-E5F6-7890-ABCD-EF1234567890}.Release|x86.Build.0 = Release|Any CPU
	EndGlobalSection
	GlobalSection(SolutionProperties) = preSolution
		HideSolutionNode = FALSE
	EndGlobalSection
	GlobalSection(ExtensibilityGlobals) = postSolution
		SolutionGuid = {EC89912E-D614-4880-9146-A5920B21F45F}
	EndGlobalSection
EndGlobal
